
Microsoft Visual Studio Solution File, Format Version 12.00
# Visual Studio Version 16
VisualStudioVersion = 16.0.31702.278
MinimumVisualStudioVersion = 10.0.40219.1
Project("{2150E333-8FDC-42A3-9474-1A3956D46DE8}") = "Capa1_Presentacion", "Capa1_Presentacion", "{2750BE8E-6CFC-4629-B854-5CB9F137FBCE}"
EndProject
Project("{2150E333-8FDC-42A3-9474-1A3956D46DE8}") = "Capa2_Aplicacion", "Capa2_Aplicacion", "{C4DE02D8-E15C-4488-9350-D77C277F0E29}"
EndProject
Project("{2150E333-8FDC-42A3-9474-1A3956D46DE8}") = "Capa3_Dominio", "Capa3_Dominio", "{EED86525-F959-43A9-B9BE-B5D89647EDC6}"
EndProject
Project("{2150E333-8FDC-42A3-9474-1A3956D46DE8}") = "Capa4_Persistencia", "Capa4_Persistencia", "{B17B6E73-7ED9-47EB-8D20-2BFEAAEAC6DB}"
EndProject
Project("{2150E333-8FDC-42A3-9474-1A3956D46DE8}") = "Escritorio", "Escritorio", "{0486B80C-ED77-46CA-8E74-067733A4D589}"
EndProject
Project("{2150E333-8FDC-42A3-9474-1A3956D46DE8}") = "WindowsForm", "WindowsForm", "{EAF1E897-8E90-437A-B6AB-9DFAECE69CFD}"
EndProject
Project("{2150E333-8FDC-42A3-9474-1A3956D46DE8}") = "ModuloInscripcion", "ModuloInscripcion", "{08597C72-F246-406A-BB4E-D1B1BCDF41CE}"
EndProject
Project("{2150E333-8FDC-42A3-9474-1A3956D46DE8}") = "CapasAcadSoft", "CapasAcadSoft", "{DBD78CC4-9EC2-4AD0-B26E-99F3991E99ED}"
EndProject
Project("{FAE04EC0-301F-11D3-BF4B-00C04F79EFBC}") = "Presentacion.WinForms.ModuloInscripcion", "Presentacion.WinForms.ModuloInscripcion\Presentacion.WinForms.ModuloInscripcion.csproj", "{12A80B40-DCC3-42F3-B6FF-D25DC36C687F}"
EndProject
Project("{2150E333-8FDC-42A3-9474-1A3956D46DE8}") = "ModuloInscripcion", "ModuloInscripcion", "{F2AD9AB4-4472-4060-836E-3B63DF2C4A95}"
EndProject
Project("{FAE04EC0-301F-11D3-BF4B-00C04F79EFBC}") = "Aplicacion.ModuloInscripcion", "Aplicacion.ModuloInscripcion\Aplicacion.ModuloInscripcion.csproj", "{E9A2189E-FF02-4C70-94B4-E64AE00314AF}"
EndProject
Project("{2150E333-8FDC-42A3-9474-1A3956D46DE8}") = "ModuloInscripcion", "ModuloInscripcion", "{7976EC38-52CA-4E8B-BAEA-5078C48F8590}"
EndProject
Project("{FAE04EC0-301F-11D3-BF4B-00C04F79EFBC}") = "Dominio.ModuloInscripcion", "Dominio.ModuloInscripcion\Dominio.ModuloInscripcion.csproj", "{13D0085D-61A5-41A4-8BB1-CABFBFAB6170}"
EndProject
Project("{2150E333-8FDC-42A3-9474-1A3956D46DE8}") = "ADONet_SqlServer", "ADONet_SqlServer", "{22EA29A0-462B-4063-A1CB-2A64D9CC28D0}"
EndProject
Project("{2150E333-8FDC-42A3-9474-1A3956D46DE8}") = "ModuloBase", "ModuloBase", "{589F856D-D465-44BB-BBE3-9FE63C0C9B28}"
EndProject
Project("{2150E333-8FDC-42A3-9474-1A3956D46DE8}") = "ModuloInscripcion", "ModuloInscripcion", "{D71CBE8B-0882-4DF4-8114-E72FD45A4907}"
EndProject
Project("{FAE04EC0-301F-11D3-BF4B-00C04F79EFBC}") = "Persistencia.SqlServer.ModuloBase", "Persistencia.SqlServer.ModuloBase\Persistencia.SqlServer.ModuloBase.csproj", "{F8489468-5CAF-4546-AD00-E7F1E7376E41}"
EndProject
Project("{FAE04EC0-301F-11D3-BF4B-00C04F79EFBC}") = "Persistencia.SqlServer.ModuloInscripcion", "Persistencia.SqlServer.ModuloInscripcion\Persistencia.SqlServer.ModuloInscripcion.csproj", "{2AF536B5-113D-44CC-84BE-D92FDB5CF717}"
EndProject
Global
	GlobalSection(SolutionConfigurationPlatforms) = preSolution
		Debug|Any CPU = Debug|Any CPU
		Release|Any CPU = Release|Any CPU
	EndGlobalSection
	GlobalSection(ProjectConfigurationPlatforms) = postSolution
		{12A80B40-DCC3-42F3-B6FF-D25DC36C687F}.Debug|Any CPU.ActiveCfg = Debug|Any CPU
		{12A80B40-DCC3-42F3-B6FF-D25DC36C687F}.Debug|Any CPU.Build.0 = Debug|Any CPU
		{12A80B40-DCC3-42F3-B6FF-D25DC36C687F}.Release|Any CPU.ActiveCfg = Release|Any CPU
		{12A80B40-DCC3-42F3-B6FF-D25DC36C687F}.Release|Any CPU.Build.0 = Release|Any CPU
		{E9A2189E-FF02-4C70-94B4-E64AE00314AF}.Debug|Any CPU.ActiveCfg = Debug|Any CPU
		{E9A2189E-FF02-4C70-94B4-E64AE00314AF}.Debug|Any CPU.Build.0 = Debug|Any CPU
		{E9A2189E-FF02-4C70-94B4-E64AE00314AF}.Release|Any CPU.ActiveCfg = Release|Any CPU
		{E9A2189E-FF02-4C70-94B4-E64AE00314AF}.Release|Any CPU.Build.0 = Release|Any CPU
		{13D0085D-61A5-41A4-8BB1-CABFBFAB6170}.Debug|Any CPU.ActiveCfg = Debug|Any CPU
		{13D0085D-61A5-41A4-8BB1-CABFBFAB6170}.Debug|Any CPU.Build.0 = Debug|Any CPU
		{13D0085D-61A5-41A4-8BB1-CABFBFAB6170}.Release|Any CPU.ActiveCfg = Release|Any CPU
		{13D0085D-61A5-41A4-8BB1-CABFBFAB6170}.Release|Any CPU.Build.0 = Release|Any CPU
		{F8489468-5CAF-4546-AD00-E7F1E7376E41}.Debug|Any CPU.ActiveCfg = Debug|Any CPU
		{F8489468-5CAF-4546-AD00-E7F1E7376E41}.Debug|Any CPU.Build.0 = Debug|Any CPU
		{F8489468-5CAF-4546-AD00-E7F1E7376E41}.Release|Any CPU.ActiveCfg = Release|Any CPU
		{F8489468-5CAF-4546-AD00-E7F1E7376E41}.Release|Any CPU.Build.0 = Release|Any CPU
		{2AF536B5-113D-44CC-84BE-D92FDB5CF717}.Debug|Any CPU.ActiveCfg = Debug|Any CPU
		{2AF536B5-113D-44CC-84BE-D92FDB5CF717}.Debug|Any CPU.Build.0 = Debug|Any CPU
		{2AF536B5-113D-44CC-84BE-D92FDB5CF717}.Release|Any CPU.ActiveCfg = Release|Any CPU
		{2AF536B5-113D-44CC-84BE-D92FDB5CF717}.Release|Any CPU.Build.0 = Release|Any CPU
	EndGlobalSection
	GlobalSection(SolutionProperties) = preSolution
		HideSolutionNode = FALSE
	EndGlobalSection
	GlobalSection(NestedProjects) = preSolution
		{2750BE8E-6CFC-4629-B854-5CB9F137FBCE} = {DBD78CC4-9EC2-4AD0-B26E-99F3991E99ED}
		{C4DE02D8-E15C-4488-9350-D77C277F0E29} = {DBD78CC4-9EC2-4AD0-B26E-99F3991E99ED}
		{EED86525-F959-43A9-B9BE-B5D89647EDC6} = {DBD78CC4-9EC2-4AD0-B26E-99F3991E99ED}
		{B17B6E73-7ED9-47EB-8D20-2BFEAAEAC6DB} = {DBD78CC4-9EC2-4AD0-B26E-99F3991E99ED}
		{0486B80C-ED77-46CA-8E74-067733A4D589} = {2750BE8E-6CFC-4629-B854-5CB9F137FBCE}
		{EAF1E897-8E90-437A-B6AB-9DFAECE69CFD} = {0486B80C-ED77-46CA-8E74-067733A4D589}
		{08597C72-F246-406A-BB4E-D1B1BCDF41CE} = {EAF1E897-8E90-437A-B6AB-9DFAECE69CFD}
		{12A80B40-DCC3-42F3-B6FF-D25DC36C687F} = {08597C72-F246-406A-BB4E-D1B1BCDF41CE}
		{F2AD9AB4-4472-4060-836E-3B63DF2C4A95} = {C4DE02D8-E15C-4488-9350-D77C277F0E29}
		{E9A2189E-FF02-4C70-94B4-E64AE00314AF} = {F2AD9AB4-4472-4060-836E-3B63DF2C4A95}
		{7976EC38-52CA-4E8B-BAEA-5078C48F8590} = {EED86525-F959-43A9-B9BE-B5D89647EDC6}
		{13D0085D-61A5-41A4-8BB1-CABFBFAB6170} = {7976EC38-52CA-4E8B-BAEA-5078C48F8590}
		{22EA29A0-462B-4063-A1CB-2A64D9CC28D0} = {B17B6E73-7ED9-47EB-8D20-2BFEAAEAC6DB}
		{589F856D-D465-44BB-BBE3-9FE63C0C9B28} = {22EA29A0-462B-4063-A1CB-2A64D9CC28D0}
		{D71CBE8B-0882-4DF4-8114-E72FD45A4907} = {22EA29A0-462B-4063-A1CB-2A64D9CC28D0}
		{F8489468-5CAF-4546-AD00-E7F1E7376E41} = {589F856D-D465-44BB-BBE3-9FE63C0C9B28}
		{2AF536B5-113D-44CC-84BE-D92FDB5CF717} = {D71CBE8B-0882-4DF4-8114-E72FD45A4907}
	EndGlobalSection
	GlobalSection(ExtensibilityGlobals) = postSolution
		SolutionGuid = {1E8736DA-E7E6-47FB-A639-6D87701B4D9A}
	EndGlobalSection
EndGlobal
